
Microsoft Visual Studio Solution File, Format Version 12.00
# Visual Studio 15
VisualStudioVersion = 15.0.27428.2037
MinimumVisualStudioVersion = 10.0.40219.1
Project("{FAE04EC0-301F-11D3-BF4B-00C04F79EFBC}") = "ConsultaResolv", "ConsultaResolv\ConsultaResolv.csproj", "{D0AAC8BB-0112-465A-85EA-6DC686FBEACF}"
EndProject
Global
	GlobalSection(SolutionConfigurationPlatforms) = preSolution
		Debug|Any CPU = Debug|Any CPU
		Release|Any CPU = Release|Any CPU
	EndGlobalSection
	GlobalSection(ProjectConfigurationPlatforms) = postSolution
		{D0AAC8BB-0112-465A-85EA-6DC686FBEACF}.Debug|Any CPU.ActiveCfg = Debug|Any CPU
		{D0AAC8BB-0112-465A-85EA-6DC686FBEACF}.Debug|Any CPU.Build.0 = Debug|Any CPU
		{D0AAC8BB-0112-465A-85EA-6DC686FBEACF}.Release|Any CPU.ActiveCfg = Release|Any CPU
		{D0AAC8BB-0112-465A-85EA-6DC686FBEACF}.Release|Any CPU.Build.0 = Release|Any CPU
	EndGlobalSection
	GlobalSection(SolutionProperties) = preSolution
		HideSolutionNode = FALSE
	EndGlobalSection
	GlobalSection(ExtensibilityGlobals) = postSolution
		SolutionGuid = {69F005EC-F0A1-4370-AA50-21CAC01804BF}
	EndGlobalSection
EndGlobal
